
Microsoft Visual Studio Solution File, Format Version 12.00
# Visual Studio Version 17
VisualStudioVersion = 17.5.002.0
MinimumVisualStudioVersion = 10.0.40219.1
Project("{9A19103F-16F7-4668-BE54-9A1E7A4F7556}") = "API", "API.csproj", "{2CCCD924-0AB7-4676-9A74-2DB238D6C30A}"
EndProject
Global
	GlobalSection(SolutionConfigurationPlatforms) = preSolution
		Debug|Any CPU = Debug|Any CPU
		Release|Any CPU = Release|Any CPU
	EndGlobalSection
	GlobalSection(ProjectConfigurationPlatforms) = postSolution
		{2CCCD924-0AB7-4676-9A74-2DB238D6C30A}.Debug|Any CPU.ActiveCfg = Debug|Any CPU
		{2CCCD924-0AB7-4676-9A74-2DB238D6C30A}.Debug|Any CPU.Build.0 = Debug|Any CPU
		{2CCCD924-0AB7-4676-9A74-2DB238D6C30A}.Release|Any CPU.ActiveCfg = Release|Any CPU
		{2CCCD924-0AB7-4676-9A74-2DB238D6C30A}.Release|Any CPU.Build.0 = Release|Any CPU
	EndGlobalSection
	GlobalSection(SolutionProperties) = preSolution
		HideSolutionNode = FALSE
	EndGlobalSection
	GlobalSection(ExtensibilityGlobals) = postSolution
		SolutionGuid = {EB91B380-CD6F-43C5-823B-8C3A72839E78}
	EndGlobalSection
EndGlobal
